
Microsoft Visual Studio Solution File, Format Version 12.00
# Visual Studio Version 17
VisualStudioVersion = 17.14.36414.22 d17.14
MinimumVisualStudioVersion = 10.0.40219.1
Project("{FAE04EC0-301F-11D3-BF4B-00C04F79EFBC}") = "MauiCRUD", "MauiCRUD\MauiCRUD.csproj", "{0593D0D5-22D1-46DD-B020-9C1952EC3BEC}"
EndProject
Global
	GlobalSection(SolutionConfigurationPlatforms) = preSolution
		Debug|Any CPU = Debug|Any CPU
		Release|Any CPU = Release|Any CPU
	EndGlobalSection
	GlobalSection(ProjectConfigurationPlatforms) = postSolution
		{0593D0D5-22D1-46DD-B020-9C1952EC3BEC}.Debug|Any CPU.ActiveCfg = Debug|Any CPU
		{0593D0D5-22D1-46DD-B020-9C1952EC3BEC}.Debug|Any CPU.Build.0 = Debug|Any CPU
		{0593D0D5-22D1-46DD-B020-9C1952EC3BEC}.Release|Any CPU.ActiveCfg = Release|Any CPU
		{0593D0D5-22D1-46DD-B020-9C1952EC3BEC}.Release|Any CPU.Build.0 = Release|Any CPU
	EndGlobalSection
	GlobalSection(SolutionProperties) = preSolution
		HideSolutionNode = FALSE
	EndGlobalSection
	GlobalSection(ExtensibilityGlobals) = postSolution
		SolutionGuid = {26755C8F-3E17-4FB2-B231-1FD45D33AFA0}
	EndGlobalSection
EndGlobal
